
Microsoft Visual Studio Solution File, Format Version 12.00
Project("{FAE04EC0-301F-11D3-BF4B-00C04F79EFBC}") = "task8", "task8\task8.csproj", "{9F31F824-C0ED-44C9-89E2-20B0C7B4DD70}"
EndProject
Global
	GlobalSection(SolutionConfigurationPlatforms) = preSolution
		Debug|Any CPU = Debug|Any CPU
		Release|Any CPU = Release|Any CPU
	EndGlobalSection
	GlobalSection(ProjectConfigurationPlatforms) = postSolution
		{9F31F824-C0ED-44C9-89E2-20B0C7B4DD70}.Debug|Any CPU.ActiveCfg = Debug|Any CPU
		{9F31F824-C0ED-44C9-89E2-20B0C7B4DD70}.Debug|Any CPU.Build.0 = Debug|Any CPU
		{9F31F824-C0ED-44C9-89E2-20B0C7B4DD70}.Release|Any CPU.ActiveCfg = Release|Any CPU
		{9F31F824-C0ED-44C9-89E2-20B0C7B4DD70}.Release|Any CPU.Build.0 = Release|Any CPU
	EndGlobalSection
EndGlobal
